
Microsoft Visual Studio Solution File, Format Version 12.00
# Visual Studio Version 17
VisualStudioVersion = 17.14.36429.23 d17.14
MinimumVisualStudioVersion = 10.0.40219.1
Project("{2150E333-8FDC-42A3-9474-1A3956D46DE8}") = "Task0", "Task0", "{02EA681E-C7D8-13C7-8484-4AC65E1B71E8}"
EndProject
Project("{FAE04EC0-301F-11D3-BF4B-00C04F79EFBC}") = "Tyuiu.MarakovAD.Sprint5.Task0.V26", "Tyuiu.MarakovAD.Sprint5.Task0.V26\Tyuiu.MarakovAD.Sprint5.Task0.V26.csproj", "{FFF4921D-A92A-44BD-8401-9CFE10DD62C4}"
EndProject
Project("{FAE04EC0-301F-11D3-BF4B-00C04F79EFBC}") = "Tyuiu.MarakovAD.Sprint5.Task0.V26.Lib", "Tyuiu.MarakovAD.Sprint5.Task0.V26.Lib\Tyuiu.MarakovAD.Sprint5.Task0.V26.Lib.csproj", "{66831253-2FBE-42EF-AC48-C2E09B84C906}"
EndProject
Project("{FAE04EC0-301F-11D3-BF4B-00C04F79EFBC}") = "Tyuiu.MarakovAD.Sprint5.Task0.V26.Test", "Tyuiu.MarakovAD.Sprint5.Task0.V26.Test\Tyuiu.MarakovAD.Sprint5.Task0.V26.Test.csproj", "{11E8AF09-1AAF-4397-99FA-AC101F357B1C}"
EndProject
Project("{2150E333-8FDC-42A3-9474-1A3956D46DE8}") = "Task1", "Task1", "{85A464EB-9E54-4DE3-B17E-754FF0E7803A}"
EndProject
Project("{FAE04EC0-301F-11D3-BF4B-00C04F79EFBC}") = "Tyuiu.MarakovAD.Sprint5.Task1.V3", "Tyuiu.MarakovAD.Sprint5.Task1.V3\Tyuiu.MarakovAD.Sprint5.Task1.V3.csproj", "{EB092F46-4AEA-444C-8091-6218FFC86847}"
EndProject
Project("{FAE04EC0-301F-11D3-BF4B-00C04F79EFBC}") = "Tyuiu.MarakovAD.Sprint5.Task1.V3.Lib", "Tyuiu.MarakovAD.Sprint5.Task1.V3.Lib\Tyuiu.MarakovAD.Sprint5.Task1.V3.Lib.csproj", "{8A7B235A-6246-4C0D-B4A8-5DC51D926387}"
EndProject
Project("{FAE04EC0-301F-11D3-BF4B-00C04F79EFBC}") = "Tyuiu.MarakovAD.Sprint5.Task1.V3.Test", "Tyuiu.MarakovAD.Sprint5.Task1.V3.Test\Tyuiu.MarakovAD.Sprint5.Task1.V3.Test.csproj", "{A0DF8021-63BF-4005-95C2-07459F63ACDE}"
EndProject
Global
	GlobalSection(SolutionConfigurationPlatforms) = preSolution
		Debug|Any CPU = Debug|Any CPU
		Release|Any CPU = Release|Any CPU
	EndGlobalSection
	GlobalSection(ProjectConfigurationPlatforms) = postSolution
		{FFF4921D-A92A-44BD-8401-9CFE10DD62C4}.Debug|Any CPU.ActiveCfg = Debug|Any CPU
		{FFF4921D-A92A-44BD-8401-9CFE10DD62C4}.Debug|Any CPU.Build.0 = Debug|Any CPU
		{FFF4921D-A92A-44BD-8401-9CFE10DD62C4}.Release|Any CPU.ActiveCfg = Release|Any CPU
		{FFF4921D-A92A-44BD-8401-9CFE10DD62C4}.Release|Any CPU.Build.0 = Release|Any CPU
		{66831253-2FBE-42EF-AC48-C2E09B84C906}.Debug|Any CPU.ActiveCfg = Debug|Any CPU
		{66831253-2FBE-42EF-AC48-C2E09B84C906}.Debug|Any CPU.Build.0 = Debug|Any CPU
		{66831253-2FBE-42EF-AC48-C2E09B84C906}.Release|Any CPU.ActiveCfg = Release|Any CPU
		{66831253-2FBE-42EF-AC48-C2E09B84C906}.Release|Any CPU.Build.0 = Release|Any CPU
		{11E8AF09-1AAF-4397-99FA-AC101F357B1C}.Debug|Any CPU.ActiveCfg = Debug|Any CPU
		{11E8AF09-1AAF-4397-99FA-AC101F357B1C}.Debug|Any CPU.Build.0 = Debug|Any CPU
		{11E8AF09-1AAF-4397-99FA-AC101F357B1C}.Release|Any CPU.ActiveCfg = Release|Any CPU
		{11E8AF09-1AAF-4397-99FA-AC101F357B1C}.Release|Any CPU.Build.0 = Release|Any CPU
		{EB092F46-4AEA-444C-8091-6218FFC86847}.Debug|Any CPU.ActiveCfg = Debug|Any CPU
		{EB092F46-4AEA-444C-8091-6218FFC86847}.Debug|Any CPU.Build.0 = Debug|Any CPU
		{EB092F46-4AEA-444C-8091-6218FFC86847}.Release|Any CPU.ActiveCfg = Release|Any CPU
		{EB092F46-4AEA-444C-8091-6218FFC86847}.Release|Any CPU.Build.0 = Release|Any CPU
		{8A7B235A-6246-4C0D-B4A8-5DC51D926387}.Debug|Any CPU.ActiveCfg = Debug|Any CPU
		{8A7B235A-6246-4C0D-B4A8-5DC51D926387}.Debug|Any CPU.Build.0 = Debug|Any CPU
		{8A7B235A-6246-4C0D-B4A8-5DC51D926387}.Release|Any CPU.ActiveCfg = Release|Any CPU
		{8A7B235A-6246-4C0D-B4A8-5DC51D926387}.Release|Any CPU.Build.0 = Release|Any CPU
		{A0DF8021-63BF-4005-95C2-07459F63ACDE}.Debug|Any CPU.ActiveCfg = Debug|Any CPU
		{A0DF8021-63BF-4005-95C2-07459F63ACDE}.Debug|Any CPU.Build.0 = Debug|Any CPU
		{A0DF8021-63BF-4005-95C2-07459F63ACDE}.Release|Any CPU.ActiveCfg = Release|Any CPU
		{A0DF8021-63BF-4005-95C2-07459F63ACDE}.Release|Any CPU.Build.0 = Release|Any CPU
	EndGlobalSection
	GlobalSection(SolutionProperties) = preSolution
		HideSolutionNode = FALSE
	EndGlobalSection
	GlobalSection(NestedProjects) = preSolution
		{FFF4921D-A92A-44BD-8401-9CFE10DD62C4} = {02EA681E-C7D8-13C7-8484-4AC65E1B71E8}
		{66831253-2FBE-42EF-AC48-C2E09B84C906} = {02EA681E-C7D8-13C7-8484-4AC65E1B71E8}
		{11E8AF09-1AAF-4397-99FA-AC101F357B1C} = {02EA681E-C7D8-13C7-8484-4AC65E1B71E8}
		{EB092F46-4AEA-444C-8091-6218FFC86847} = {85A464EB-9E54-4DE3-B17E-754FF0E7803A}
		{8A7B235A-6246-4C0D-B4A8-5DC51D926387} = {85A464EB-9E54-4DE3-B17E-754FF0E7803A}
		{A0DF8021-63BF-4005-95C2-07459F63ACDE} = {85A464EB-9E54-4DE3-B17E-754FF0E7803A}
	EndGlobalSection
	GlobalSection(ExtensibilityGlobals) = postSolution
		SolutionGuid = {9C462E6C-EBBA-4847-BB1C-BFBBA1EF407A}
	EndGlobalSection
EndGlobal
